github.com/fatih/structs v1.1.0 h1:Q7juDM0QtcnhCpeyLGQKyg4TOIghuNXrkL32pHAUMxo=
github.com/fatih/structs v1.1.0/go.mod h1:9NiDSp5zOcgEDl+j00MP/WkGVPOlPRLejGD8Ga6PJ7M=
github.com/iovisor/gobpf v0.0.0-20191017091429-c3024dcc6881 h1:DRdqUzrTOOIlh9Fzmf59XZBLoTrUdiSN3Z0ThUkVfqM=
github.com/iovisor/gobpf v0.0.0-20191017091429-c3024dcc6881/go.mod h1:+5U5qu5UOu8YJ5oHVLvWKH7/Dr5QNHU7mZ2RfPEeXg8=
github.com/mohae/deepcopy v0.0.0-20170929034955-c48cc78d4826 h1:RWengNIwukTxcDr9M+97sNutRR1RKhG96O6jWumTTnw=
github.com/mohae/deepcopy v0.0.0-20170929034955-c48cc78d4826/go.mod h1:TaXosZuwdSHYgviHp1DAtfrULt5eUgsSMsZf+YrPgl8=
github.com/safchain/insanelock v0.0.0-20180509135444-33bca4586648 h1:qwumKB12zaV9SrtbrgWiMJW4Gpsu4VrcKCZhsLMTvwI=
github.com/safchain/insanelock v0.0.0-20180509135444-33bca4586648/go.mod h1:HDoS2Pz2kUgD2zcmyJkXmhGH+R1dc8P8aeo2Gsf6dss=
github.com/skydive-project/skydive v0.25.0 h1:pPt9Mhi31Ni8apfGG9L485dgDL57eR4gk3zyaWqcywo=
github.com/skydive-project/skydive v0.25.0/go.mod h1:20E2myY4JHGJSg+96sqOfmMVCsDX2wHgzCNUdyQTKxg=
github.com/vishvananda/netlink v1.0.0 h1:bqNY2lgheFIu1meHUFSH3d7vG93AFyqg3oGbJCOJgSM=
github.com/vishvananda/netlink v1.0.0/go.mod h1:+SR5DhBJrl6ZM7CoCKvpw5BKroDKQ+PJqOg65H/2ktk=
github.com/vishvananda/netns v0.0.0-20190625233234-7109fa855b0f h1:nBX3nTcmxEtHSERBJaIo1Qa26VwRaopnZmfDQUXsF4I=
github.com/vishvananda/netns v0.0.0-20190625233234-7109fa855b0f/go.mod h1:ZjcWmFBXmLKZu9Nxj3WKYEafiSqer2rnvPr0en9UNpI=
golang.org/x/sys v0.0.0-20191010194322-b09406accb47 h1:/XfQ9z7ib8eEJX2hdgFTZJ/ntt0swNk5oYBziWeTCvY=
golang.org/x/sys v0.0.0-20191010194322-b09406accb47/go.mod h1:h1NjWce9XRLGQEsW7wpKNCjG9DtNlClVuFLEZdDNbEs=
